
Microsoft Visual Studio Solution File, Format Version 12.00
# Visual Studio Version 17
VisualStudioVersion = 17.3.32901.215
MinimumVisualStudioVersion = 10.0.40219.1
Project("{FAE04EC0-301F-11D3-BF4B-00C04F79EFBC}") = "хз", "хз\хз.csproj", "{5827084B-F2E1-4306-A17E-80AB141DFDE9}"
EndProject
Global
	GlobalSection(SolutionConfigurationPlatforms) = preSolution
		Debug|Any CPU = Debug|Any CPU
		Release|Any CPU = Release|Any CPU
	EndGlobalSection
	GlobalSection(ProjectConfigurationPlatforms) = postSolution
		{5827084B-F2E1-4306-A17E-80AB141DFDE9}.Debug|Any CPU.ActiveCfg = Debug|Any CPU
		{5827084B-F2E1-4306-A17E-80AB141DFDE9}.Debug|Any CPU.Build.0 = Debug|Any CPU
		{5827084B-F2E1-4306-A17E-80AB141DFDE9}.Release|Any CPU.ActiveCfg = Release|Any CPU
		{5827084B-F2E1-4306-A17E-80AB141DFDE9}.Release|Any CPU.Build.0 = Release|Any CPU
	EndGlobalSection
	GlobalSection(SolutionProperties) = preSolution
		HideSolutionNode = FALSE
	EndGlobalSection
	GlobalSection(ExtensibilityGlobals) = postSolution
		SolutionGuid = {DE25BEEE-9157-4998-B565-F1D3D50DF213}
	EndGlobalSection
EndGlobal
